
Microsoft Visual Studio Solution File, Format Version 12.00
# Visual Studio 2013
VisualStudioVersion = 12.0.31101.0
MinimumVisualStudioVersion = 10.0.40219.1
Project("{FAE04EC0-301F-11D3-BF4B-00C04F79EFBC}") = "RedisLib", "RedisLib\RedisLib.csproj", "{50F900BC-724E-480F-9DAE-AE8EC25119F1}"
EndProject
Project("{FAE04EC0-301F-11D3-BF4B-00C04F79EFBC}") = "TestApp", "TestApp\TestApp.csproj", "{C775142C-86BA-419A-AFC3-AD1D38650FAD}"
EndProject
Project("{FAE04EC0-301F-11D3-BF4B-00C04F79EFBC}") = "RedisLibUnitTest", "RedisLibUnitTest\RedisLibUnitTest.csproj", "{D5F1B140-E517-4340-9545-E19A1F075F0D}"
EndProject
Global
	GlobalSection(SolutionConfigurationPlatforms) = preSolution
		Debug|Any CPU = Debug|Any CPU
		Release|Any CPU = Release|Any CPU
	EndGlobalSection
	GlobalSection(ProjectConfigurationPlatforms) = postSolution
		{50F900BC-724E-480F-9DAE-AE8EC25119F1}.Debug|Any CPU.ActiveCfg = Debug|Any CPU
		{50F900BC-724E-480F-9DAE-AE8EC25119F1}.Debug|Any CPU.Build.0 = Debug|Any CPU
		{50F900BC-724E-480F-9DAE-AE8EC25119F1}.Release|Any CPU.ActiveCfg = Release|Any CPU
		{50F900BC-724E-480F-9DAE-AE8EC25119F1}.Release|Any CPU.Build.0 = Release|Any CPU
		{C775142C-86BA-419A-AFC3-AD1D38650FAD}.Debug|Any CPU.ActiveCfg = Debug|Any CPU
		{C775142C-86BA-419A-AFC3-AD1D38650FAD}.Debug|Any CPU.Build.0 = Debug|Any CPU
		{C775142C-86BA-419A-AFC3-AD1D38650FAD}.Release|Any CPU.ActiveCfg = Release|Any CPU
		{C775142C-86BA-419A-AFC3-AD1D38650FAD}.Release|Any CPU.Build.0 = Release|Any CPU
		{D5F1B140-E517-4340-9545-E19A1F075F0D}.Debug|Any CPU.ActiveCfg = Debug|Any CPU
		{D5F1B140-E517-4340-9545-E19A1F075F0D}.Debug|Any CPU.Build.0 = Debug|Any CPU
		{D5F1B140-E517-4340-9545-E19A1F075F0D}.Release|Any CPU.ActiveCfg = Release|Any CPU
		{D5F1B140-E517-4340-9545-E19A1F075F0D}.Release|Any CPU.Build.0 = Release|Any CPU
	EndGlobalSection
	GlobalSection(SolutionProperties) = preSolution
		HideSolutionNode = FALSE
	EndGlobalSection
EndGlobal
